
Microsoft Visual Studio Solution File, Format Version 12.00
# Visual Studio 14
VisualStudioVersion = 14.0.24720.0
MinimumVisualStudioVersion = 10.0.40219.1
Project("{FAE04EC0-301F-11D3-BF4B-00C04F79EFBC}") = "jcMNS.UWP", "jcMNS.UWP\jcMNS.UWP.csproj", "{24C1CA67-27CD-4329-8DF0-288A8FEA1853}"
EndProject
Project("{FAE04EC0-301F-11D3-BF4B-00C04F79EFBC}") = "jxMNS.UWP.IOT", "jxMNS.UWP.IOT\jxMNS.UWP.IOT.csproj", "{8A008036-92DD-4521-98BF-06CB98BD5C2B}"
EndProject
Project("{8BB2217D-0F2D-49D1-97BC-3654ED321F3B}") = "jcMNS.WebAPI.Pingback", "jcMNS.WebAPI.Pingback\jcMNS.WebAPI.Pingback.xproj", "{505ADCDF-9CCF-4F3E-8234-93166ACC719B}"
EndProject
Project("{8BB2217D-0F2D-49D1-97BC-3654ED321F3B}") = "jcMNS.WebAPI.Auth", "jcMNS.WebAPI.Auth\jcMNS.WebAPI.Auth.xproj", "{8203B440-9405-4097-BC26-3F6878388361}"
EndProject
Project("{8BB2217D-0F2D-49D1-97BC-3654ED321F3B}") = "jcMNS.WebAPI.AssetManager", "jcMNS.WebAPI.AssetManager\jcMNS.WebAPI.AssetManager.xproj", "{8461227D-73CF-4FFC-96A9-06B00905430A}"
EndProject
Project("{8BB2217D-0F2D-49D1-97BC-3654ED321F3B}") = "jcMNS.WebAPI.Reporting", "jcMNS.WebAPI.Reporting\jcMNS.WebAPI.Reporting.xproj", "{81FDD6EB-7478-4DB5-B75A-8796749B261C}"
EndProject
Project("{8BB2217D-0F2D-49D1-97BC-3654ED321F3B}") = "jcMNS.Library.WebAPI", "jcMNS.Library.WebAPI\jcMNS.Library.WebAPI.xproj", "{438CB70D-EF6A-4825-BF8E-DC83F81AC901}"
EndProject
Project("{FAE04EC0-301F-11D3-BF4B-00C04F79EFBC}") = "jcMNS.WebAPI.Reporting.PCL", "jcMNS.WebAPI.Reporting.PCL\jcMNS.WebAPI.Reporting.PCL.csproj", "{06C78586-D3FE-4FDC-9656-D90F85779DE5}"
EndProject
Project("{8BB2217D-0F2D-49D1-97BC-3654ED321F3B}") = "jcMNS.WebAPI.Reporting.Library", "jcMNS.WebAPI.Reporting.Library\jcMNS.WebAPI.Reporting.Library.xproj", "{7825016A-84F1-465C-920E-828F2740F492}"
EndProject
Project("{8BB2217D-0F2D-49D1-97BC-3654ED321F3B}") = "jcMNS.WebAPI.Pingback.DataLayer", "jcMNS.WebAPI.Pingback.DataLayer\jcMNS.WebAPI.Pingback.DataLayer.xproj", "{69CB7EE8-7B97-4F64-BC89-A70003A9D3E2}"
EndProject
Project("{8BB2217D-0F2D-49D1-97BC-3654ED321F3B}") = "jcMNS.Library.DataLayer", "jcMNS.Library.DataLayer\jcMNS.Library.DataLayer.xproj", "{3B08B2E2-635F-4F4D-A5F2-E0D780F6C368}"
EndProject
Project("{8BB2217D-0F2D-49D1-97BC-3654ED321F3B}") = "jcMNS.WebAPI.Pingback.Library", "jcMNS.WebAPI.Pingback.Library\jcMNS.WebAPI.Pingback.Library.xproj", "{DC26072B-7CF0-4AFC-B161-2C99DF5A0343}"
EndProject
Project("{8BB2217D-0F2D-49D1-97BC-3654ED321F3B}") = "jcMNS.WebAPI.Reporting.DataLayer", "jcMNS.WebAPI.Reporting.DataLayer\jcMNS.WebAPI.Reporting.DataLayer.xproj", "{ACFA6B10-6AF2-4A97-AEA4-EB1D109D51D5}"
EndProject
Global
	GlobalSection(SolutionConfigurationPlatforms) = preSolution
		Debug|Any CPU = Debug|Any CPU
		Debug|ARM = Debug|ARM
		Debug|x64 = Debug|x64
		Debug|x86 = Debug|x86
		Release|Any CPU = Release|Any CPU
		Release|ARM = Release|ARM
		Release|x64 = Release|x64
		Release|x86 = Release|x86
	EndGlobalSection
	GlobalSection(ProjectConfigurationPlatforms) = postSolution
		{24C1CA67-27CD-4329-8DF0-288A8FEA1853}.Debug|Any CPU.ActiveCfg = Debug|x86
		{24C1CA67-27CD-4329-8DF0-288A8FEA1853}.Debug|Any CPU.Build.0 = Debug|x86
		{24C1CA67-27CD-4329-8DF0-288A8FEA1853}.Debug|ARM.ActiveCfg = Debug|ARM
		{24C1CA67-27CD-4329-8DF0-288A8FEA1853}.Debug|ARM.Build.0 = Debug|ARM
		{24C1CA67-27CD-4329-8DF0-288A8FEA1853}.Debug|ARM.Deploy.0 = Debug|ARM
		{24C1CA67-27CD-4329-8DF0-288A8FEA1853}.Debug|x64.ActiveCfg = Debug|x64
		{24C1CA67-27CD-4329-8DF0-288A8FEA1853}.Debug|x64.Build.0 = Debug|x64
		{24C1CA67-27CD-4329-8DF0-288A8FEA1853}.Debug|x64.Deploy.0 = Debug|x64
		{24C1CA67-27CD-4329-8DF0-288A8FEA1853}.Debug|x86.ActiveCfg = Debug|x86
		{24C1CA67-27CD-4329-8DF0-288A8FEA1853}.Debug|x86.Build.0 = Debug|x86
		{24C1CA67-27CD-4329-8DF0-288A8FEA1853}.Debug|x86.Deploy.0 = Debug|x86
		{24C1CA67-27CD-4329-8DF0-288A8FEA1853}.Release|Any CPU.ActiveCfg = Release|x86
		{24C1CA67-27CD-4329-8DF0-288A8FEA1853}.Release|ARM.ActiveCfg = Release|ARM
		{24C1CA67-27CD-4329-8DF0-288A8FEA1853}.Release|ARM.Build.0 = Release|ARM
		{24C1CA67-27CD-4329-8DF0-288A8FEA1853}.Release|ARM.Deploy.0 = Release|ARM
		{24C1CA67-27CD-4329-8DF0-288A8FEA1853}.Release|x64.ActiveCfg = Release|x64
		{24C1CA67-27CD-4329-8DF0-288A8FEA1853}.Release|x64.Build.0 = Release|x64
		{24C1CA67-27CD-4329-8DF0-288A8FEA1853}.Release|x64.Deploy.0 = Release|x64
		{24C1CA67-27CD-4329-8DF0-288A8FEA1853}.Release|x86.ActiveCfg = Release|x86
		{24C1CA67-27CD-4329-8DF0-288A8FEA1853}.Release|x86.Build.0 = Release|x86
		{24C1CA67-27CD-4329-8DF0-288A8FEA1853}.Release|x86.Deploy.0 = Release|x86
		{8A008036-92DD-4521-98BF-06CB98BD5C2B}.Debug|Any CPU.ActiveCfg = Debug|x86
		{8A008036-92DD-4521-98BF-06CB98BD5C2B}.Debug|Any CPU.Build.0 = Debug|x86
		{8A008036-92DD-4521-98BF-06CB98BD5C2B}.Debug|ARM.ActiveCfg = Debug|ARM
		{8A008036-92DD-4521-98BF-06CB98BD5C2B}.Debug|ARM.Build.0 = Debug|ARM
		{8A008036-92DD-4521-98BF-06CB98BD5C2B}.Debug|ARM.Deploy.0 = Debug|ARM
		{8A008036-92DD-4521-98BF-06CB98BD5C2B}.Debug|x64.ActiveCfg = Debug|x64
		{8A008036-92DD-4521-98BF-06CB98BD5C2B}.Debug|x64.Build.0 = Debug|x64
		{8A008036-92DD-4521-98BF-06CB98BD5C2B}.Debug|x64.Deploy.0 = Debug|x64
		{8A008036-92DD-4521-98BF-06CB98BD5C2B}.Debug|x86.ActiveCfg = Debug|x86
		{8A008036-92DD-4521-98BF-06CB98BD5C2B}.Debug|x86.Build.0 = Debug|x86
		{8A008036-92DD-4521-98BF-06CB98BD5C2B}.Debug|x86.Deploy.0 = Debug|x86
		{8A008036-92DD-4521-98BF-06CB98BD5C2B}.Release|Any CPU.ActiveCfg = Release|x86
		{8A008036-92DD-4521-98BF-06CB98BD5C2B}.Release|ARM.ActiveCfg = Release|ARM
		{8A008036-92DD-4521-98BF-06CB98BD5C2B}.Release|ARM.Build.0 = Release|ARM
		{8A008036-92DD-4521-98BF-06CB98BD5C2B}.Release|ARM.Deploy.0 = Release|ARM
		{8A008036-92DD-4521-98BF-06CB98BD5C2B}.Release|x64.ActiveCfg = Release|x64
		{8A008036-92DD-4521-98BF-06CB98BD5C2B}.Release|x64.Build.0 = Release|x64
		{8A008036-92DD-4521-98BF-06CB98BD5C2B}.Release|x64.Deploy.0 = Release|x64
		{8A008036-92DD-4521-98BF-06CB98BD5C2B}.Release|x86.ActiveCfg = Release|x86
		{8A008036-92DD-4521-98BF-06CB98BD5C2B}.Release|x86.Build.0 = Release|x86
		{8A008036-92DD-4521-98BF-06CB98BD5C2B}.Release|x86.Deploy.0 = Release|x86
		{505ADCDF-9CCF-4F3E-8234-93166ACC719B}.Debug|Any CPU.ActiveCfg = Debug|Any CPU
		{505ADCDF-9CCF-4F3E-8234-93166ACC719B}.Debug|Any CPU.Build.0 = Debug|Any CPU
		{505ADCDF-9CCF-4F3E-8234-93166ACC719B}.Debug|ARM.ActiveCfg = Debug|Any CPU
		{505ADCDF-9CCF-4F3E-8234-93166ACC719B}.Debug|ARM.Build.0 = Debug|Any CPU
		{505ADCDF-9CCF-4F3E-8234-93166ACC719B}.Debug|x64.ActiveCfg = Debug|Any CPU
		{505ADCDF-9CCF-4F3E-8234-93166ACC719B}.Debug|x64.Build.0 = Debug|Any CPU
		{505ADCDF-9CCF-4F3E-8234-93166ACC719B}.Debug|x86.ActiveCfg = Debug|Any CPU
		{505ADCDF-9CCF-4F3E-8234-93166ACC719B}.Debug|x86.Build.0 = Debug|Any CPU
		{505ADCDF-9CCF-4F3E-8234-93166ACC719B}.Release|Any CPU.ActiveCfg = Release|Any CPU
		{505ADCDF-9CCF-4F3E-8234-93166ACC719B}.Release|Any CPU.Build.0 = Release|Any CPU
		{505ADCDF-9CCF-4F3E-8234-93166ACC719B}.Release|ARM.ActiveCfg = Release|Any CPU
		{505ADCDF-9CCF-4F3E-8234-93166ACC719B}.Release|ARM.Build.0 = Release|Any CPU
		{505ADCDF-9CCF-4F3E-8234-93166ACC719B}.Release|x64.ActiveCfg = Release|Any CPU
		{505ADCDF-9CCF-4F3E-8234-93166ACC719B}.Release|x64.Build.0 = Release|Any CPU
		{505ADCDF-9CCF-4F3E-8234-93166ACC719B}.Release|x86.ActiveCfg = Release|Any CPU
		{505ADCDF-9CCF-4F3E-8234-93166ACC719B}.Release|x86.Build.0 = Release|Any CPU
		{8203B440-9405-4097-BC26-3F6878388361}.Debug|Any CPU.ActiveCfg = Debug|Any CPU
		{8203B440-9405-4097-BC26-3F6878388361}.Debug|Any CPU.Build.0 = Debug|Any CPU
		{8203B440-9405-4097-BC26-3F6878388361}.Debug|ARM.ActiveCfg = Debug|Any CPU
		{8203B440-9405-4097-BC26-3F6878388361}.Debug|ARM.Build.0 = Debug|Any CPU
		{8203B440-9405-4097-BC26-3F6878388361}.Debug|x64.ActiveCfg = Debug|Any CPU
		{8203B440-9405-4097-BC26-3F6878388361}.Debug|x64.Build.0 = Debug|Any CPU
		{8203B440-9405-4097-BC26-3F6878388361}.Debug|x86.ActiveCfg = Debug|Any CPU
		{8203B440-9405-4097-BC26-3F6878388361}.Debug|x86.Build.0 = Debug|Any CPU
		{8203B440-9405-4097-BC26-3F6878388361}.Release|Any CPU.ActiveCfg = Release|Any CPU
		{8203B440-9405-4097-BC26-3F6878388361}.Release|Any CPU.Build.0 = Release|Any CPU
		{8203B440-9405-4097-BC26-3F6878388361}.Release|ARM.ActiveCfg = Release|Any CPU
		{8203B440-9405-4097-BC26-3F6878388361}.Release|ARM.Build.0 = Release|Any CPU
		{8203B440-9405-4097-BC26-3F6878388361}.Release|x64.ActiveCfg = Release|Any CPU
		{8203B440-9405-4097-BC26-3F6878388361}.Release|x64.Build.0 = Release|Any CPU
		{8203B440-9405-4097-BC26-3F6878388361}.Release|x86.ActiveCfg = Release|Any CPU
		{8203B440-9405-4097-BC26-3F6878388361}.Release|x86.Build.0 = Release|Any CPU
		{8461227D-73CF-4FFC-96A9-06B00905430A}.Debug|Any CPU.ActiveCfg = Debug|Any CPU
		{8461227D-73CF-4FFC-96A9-06B00905430A}.Debug|Any CPU.Build.0 = Debug|Any CPU
		{8461227D-73CF-4FFC-96A9-06B00905430A}.Debug|ARM.ActiveCfg = Debug|Any CPU
		{8461227D-73CF-4FFC-96A9-06B00905430A}.Debug|ARM.Build.0 = Debug|Any CPU
		{8461227D-73CF-4FFC-96A9-06B00905430A}.Debug|x64.ActiveCfg = Debug|Any CPU
		{8461227D-73CF-4FFC-96A9-06B00905430A}.Debug|x64.Build.0 = Debug|Any CPU
		{8461227D-73CF-4FFC-96A9-06B00905430A}.Debug|x86.ActiveCfg = Debug|Any CPU
		{8461227D-73CF-4FFC-96A9-06B00905430A}.Debug|x86.Build.0 = Debug|Any CPU
		{8461227D-73CF-4FFC-96A9-06B00905430A}.Release|Any CPU.ActiveCfg = Release|Any CPU
		{8461227D-73CF-4FFC-96A9-06B00905430A}.Release|Any CPU.Build.0 = Release|Any CPU
		{8461227D-73CF-4FFC-96A9-06B00905430A}.Release|ARM.ActiveCfg = Release|Any CPU
		{8461227D-73CF-4FFC-96A9-06B00905430A}.Release|ARM.Build.0 = Release|Any CPU
		{8461227D-73CF-4FFC-96A9-06B00905430A}.Release|x64.ActiveCfg = Release|Any CPU
		{8461227D-73CF-4FFC-96A9-06B00905430A}.Release|x64.Build.0 = Release|Any CPU
		{8461227D-73CF-4FFC-96A9-06B00905430A}.Release|x86.ActiveCfg = Release|Any CPU
		{8461227D-73CF-4FFC-96A9-06B00905430A}.Release|x86.Build.0 = Release|Any CPU
		{81FDD6EB-7478-4DB5-B75A-8796749B261C}.Debug|Any CPU.ActiveCfg = Debug|Any CPU
		{81FDD6EB-7478-4DB5-B75A-8796749B261C}.Debug|Any CPU.Build.0 = Debug|Any CPU
		{81FDD6EB-7478-4DB5-B75A-8796749B261C}.Debug|ARM.ActiveCfg = Debug|Any CPU
		{81FDD6EB-7478-4DB5-B75A-8796749B261C}.Debug|ARM.Build.0 = Debug|Any CPU
		{81FDD6EB-7478-4DB5-B75A-8796749B261C}.Debug|x64.ActiveCfg = Debug|Any CPU
		{81FDD6EB-7478-4DB5-B75A-8796749B261C}.Debug|x64.Build.0 = Debug|Any CPU
		{81FDD6EB-7478-4DB5-B75A-8796749B261C}.Debug|x86.ActiveCfg = Debug|Any CPU
		{81FDD6EB-7478-4DB5-B75A-8796749B261C}.Debug|x86.Build.0 = Debug|Any CPU
		{81FDD6EB-7478-4DB5-B75A-8796749B261C}.Release|Any CPU.ActiveCfg = Release|Any CPU
		{81FDD6EB-7478-4DB5-B75A-8796749B261C}.Release|Any CPU.Build.0 = Release|Any CPU
		{81FDD6EB-7478-4DB5-B75A-8796749B261C}.Release|ARM.ActiveCfg = Release|Any CPU
		{81FDD6EB-7478-4DB5-B75A-8796749B261C}.Release|ARM.Build.0 = Release|Any CPU
		{81FDD6EB-7478-4DB5-B75A-8796749B261C}.Release|x64.ActiveCfg = Release|Any CPU
		{81FDD6EB-7478-4DB5-B75A-8796749B261C}.Release|x64.Build.0 = Release|Any CPU
		{81FDD6EB-7478-4DB5-B75A-8796749B261C}.Release|x86.ActiveCfg = Release|Any CPU
		{81FDD6EB-7478-4DB5-B75A-8796749B261C}.Release|x86.Build.0 = Release|Any CPU
		{438CB70D-EF6A-4825-BF8E-DC83F81AC901}.Debug|Any CPU.ActiveCfg = Debug|Any CPU
		{438CB70D-EF6A-4825-BF8E-DC83F81AC901}.Debug|Any CPU.Build.0 = Debug|Any CPU
		{438CB70D-EF6A-4825-BF8E-DC83F81AC901}.Debug|ARM.ActiveCfg = Debug|Any CPU
		{438CB70D-EF6A-4825-BF8E-DC83F81AC901}.Debug|ARM.Build.0 = Debug|Any CPU
		{438CB70D-EF6A-4825-BF8E-DC83F81AC901}.Debug|x64.ActiveCfg = Debug|Any CPU
		{438CB70D-EF6A-4825-BF8E-DC83F81AC901}.Debug|x64.Build.0 = Debug|Any CPU
		{438CB70D-EF6A-4825-BF8E-DC83F81AC901}.Debug|x86.ActiveCfg = Debug|Any CPU
		{438CB70D-EF6A-4825-BF8E-DC83F81AC901}.Debug|x86.Build.0 = Debug|Any CPU
		{438CB70D-EF6A-4825-BF8E-DC83F81AC901}.Release|Any CPU.ActiveCfg = Release|Any CPU
		{438CB70D-EF6A-4825-BF8E-DC83F81AC901}.Release|Any CPU.Build.0 = Release|Any CPU
		{438CB70D-EF6A-4825-BF8E-DC83F81AC901}.Release|ARM.ActiveCfg = Release|Any CPU
		{438CB70D-EF6A-4825-BF8E-DC83F81AC901}.Release|ARM.Build.0 = Release|Any CPU
		{438CB70D-EF6A-4825-BF8E-DC83F81AC901}.Release|x64.ActiveCfg = Release|Any CPU
		{438CB70D-EF6A-4825-BF8E-DC83F81AC901}.Release|x64.Build.0 = Release|Any CPU
		{438CB70D-EF6A-4825-BF8E-DC83F81AC901}.Release|x86.ActiveCfg = Release|Any CPU
		{438CB70D-EF6A-4825-BF8E-DC83F81AC901}.Release|x86.Build.0 = Release|Any CPU
		{06C78586-D3FE-4FDC-9656-D90F85779DE5}.Debug|Any CPU.ActiveCfg = Debug|Any CPU
		{06C78586-D3FE-4FDC-9656-D90F85779DE5}.Debug|ARM.ActiveCfg = Debug|Any CPU
		{06C78586-D3FE-4FDC-9656-D90F85779DE5}.Debug|ARM.Build.0 = Debug|Any CPU
		{06C78586-D3FE-4FDC-9656-D90F85779DE5}.Debug|x64.ActiveCfg = Debug|Any CPU
		{06C78586-D3FE-4FDC-9656-D90F85779DE5}.Debug|x64.Build.0 = Debug|Any CPU
		{06C78586-D3FE-4FDC-9656-D90F85779DE5}.Debug|x86.ActiveCfg = Debug|Any CPU
		{06C78586-D3FE-4FDC-9656-D90F85779DE5}.Debug|x86.Build.0 = Debug|Any CPU
		{06C78586-D3FE-4FDC-9656-D90F85779DE5}.Release|Any CPU.ActiveCfg = Release|Any CPU
		{06C78586-D3FE-4FDC-9656-D90F85779DE5}.Release|Any CPU.Build.0 = Release|Any CPU
		{06C78586-D3FE-4FDC-9656-D90F85779DE5}.Release|ARM.ActiveCfg = Release|Any CPU
		{06C78586-D3FE-4FDC-9656-D90F85779DE5}.Release|ARM.Build.0 = Release|Any CPU
		{06C78586-D3FE-4FDC-9656-D90F85779DE5}.Release|x64.ActiveCfg = Release|Any CPU
		{06C78586-D3FE-4FDC-9656-D90F85779DE5}.Release|x64.Build.0 = Release|Any CPU
		{06C78586-D3FE-4FDC-9656-D90F85779DE5}.Release|x86.ActiveCfg = Release|Any CPU
		{06C78586-D3FE-4FDC-9656-D90F85779DE5}.Release|x86.Build.0 = Release|Any CPU
		{7825016A-84F1-465C-920E-828F2740F492}.Debug|Any CPU.ActiveCfg = Debug|Any CPU
		{7825016A-84F1-465C-920E-828F2740F492}.Debug|Any CPU.Build.0 = Debug|Any CPU
		{7825016A-84F1-465C-920E-828F2740F492}.Debug|ARM.ActiveCfg = Debug|Any CPU
		{7825016A-84F1-465C-920E-828F2740F492}.Debug|ARM.Build.0 = Debug|Any CPU
		{7825016A-84F1-465C-920E-828F2740F492}.Debug|x64.ActiveCfg = Debug|Any CPU
		{7825016A-84F1-465C-920E-828F2740F492}.Debug|x64.Build.0 = Debug|Any CPU
		{7825016A-84F1-465C-920E-828F2740F492}.Debug|x86.ActiveCfg = Debug|Any CPU
		{7825016A-84F1-465C-920E-828F2740F492}.Debug|x86.Build.0 = Debug|Any CPU
		{7825016A-84F1-465C-920E-828F2740F492}.Release|Any CPU.ActiveCfg = Release|Any CPU
		{7825016A-84F1-465C-920E-828F2740F492}.Release|Any CPU.Build.0 = Release|Any CPU
		{7825016A-84F1-465C-920E-828F2740F492}.Release|ARM.ActiveCfg = Release|Any CPU
		{7825016A-84F1-465C-920E-828F2740F492}.Release|ARM.Build.0 = Release|Any CPU
		{7825016A-84F1-465C-920E-828F2740F492}.Release|x64.ActiveCfg = Release|Any CPU
		{7825016A-84F1-465C-920E-828F2740F492}.Release|x64.Build.0 = Release|Any CPU
		{7825016A-84F1-465C-920E-828F2740F492}.Release|x86.ActiveCfg = Release|Any CPU
		{7825016A-84F1-465C-920E-828F2740F492}.Release|x86.Build.0 = Release|Any CPU
		{69CB7EE8-7B97-4F64-BC89-A70003A9D3E2}.Debug|Any CPU.ActiveCfg = Debug|Any CPU
		{69CB7EE8-7B97-4F64-BC89-A70003A9D3E2}.Debug|Any CPU.Build.0 = Debug|Any CPU
		{69CB7EE8-7B97-4F64-BC89-A70003A9D3E2}.Debug|ARM.ActiveCfg = Debug|Any CPU
		{69CB7EE8-7B97-4F64-BC89-A70003A9D3E2}.Debug|ARM.Build.0 = Debug|Any CPU
		{69CB7EE8-7B97-4F64-BC89-A70003A9D3E2}.Debug|x64.ActiveCfg = Debug|Any CPU
		{69CB7EE8-7B97-4F64-BC89-A70003A9D3E2}.Debug|x64.Build.0 = Debug|Any CPU
		{69CB7EE8-7B97-4F64-BC89-A70003A9D3E2}.Debug|x86.ActiveCfg = Debug|Any CPU
		{69CB7EE8-7B97-4F64-BC89-A70003A9D3E2}.Debug|x86.Build.0 = Debug|Any CPU
		{69CB7EE8-7B97-4F64-BC89-A70003A9D3E2}.Release|Any CPU.ActiveCfg = Release|Any CPU
		{69CB7EE8-7B97-4F64-BC89-A70003A9D3E2}.Release|Any CPU.Build.0 = Release|Any CPU
		{69CB7EE8-7B97-4F64-BC89-A70003A9D3E2}.Release|ARM.ActiveCfg = Release|Any CPU
		{69CB7EE8-7B97-4F64-BC89-A70003A9D3E2}.Release|ARM.Build.0 = Release|Any CPU
		{69CB7EE8-7B97-4F64-BC89-A70003A9D3E2}.Release|x64.ActiveCfg = Release|Any CPU
		{69CB7EE8-7B97-4F64-BC89-A70003A9D3E2}.Release|x64.Build.0 = Release|Any CPU
		{69CB7EE8-7B97-4F64-BC89-A70003A9D3E2}.Release|x86.ActiveCfg = Release|Any CPU
		{69CB7EE8-7B97-4F64-BC89-A70003A9D3E2}.Release|x86.Build.0 = Release|Any CPU
		{3B08B2E2-635F-4F4D-A5F2-E0D780F6C368}.Debug|Any CPU.ActiveCfg = Debug|Any CPU
		{3B08B2E2-635F-4F4D-A5F2-E0D780F6C368}.Debug|Any CPU.Build.0 = Debug|Any CPU
		{3B08B2E2-635F-4F4D-A5F2-E0D780F6C368}.Debug|ARM.ActiveCfg = Debug|Any CPU
		{3B08B2E2-635F-4F4D-A5F2-E0D780F6C368}.Debug|ARM.Build.0 = Debug|Any CPU
		{3B08B2E2-635F-4F4D-A5F2-E0D780F6C368}.Debug|x64.ActiveCfg = Debug|Any CPU
		{3B08B2E2-635F-4F4D-A5F2-E0D780F6C368}.Debug|x64.Build.0 = Debug|Any CPU
		{3B08B2E2-635F-4F4D-A5F2-E0D780F6C368}.Debug|x86.ActiveCfg = Debug|Any CPU
		{3B08B2E2-635F-4F4D-A5F2-E0D780F6C368}.Debug|x86.Build.0 = Debug|Any CPU
		{3B08B2E2-635F-4F4D-A5F2-E0D780F6C368}.Release|Any CPU.ActiveCfg = Release|Any CPU
		{3B08B2E2-635F-4F4D-A5F2-E0D780F6C368}.Release|Any CPU.Build.0 = Release|Any CPU
		{3B08B2E2-635F-4F4D-A5F2-E0D780F6C368}.Release|ARM.ActiveCfg = Release|Any CPU
		{3B08B2E2-635F-4F4D-A5F2-E0D780F6C368}.Release|ARM.Build.0 = Release|Any CPU
		{3B08B2E2-635F-4F4D-A5F2-E0D780F6C368}.Release|x64.ActiveCfg = Release|Any CPU
		{3B08B2E2-635F-4F4D-A5F2-E0D780F6C368}.Release|x64.Build.0 = Release|Any CPU
		{3B08B2E2-635F-4F4D-A5F2-E0D780F6C368}.Release|x86.ActiveCfg = Release|Any CPU
		{3B08B2E2-635F-4F4D-A5F2-E0D780F6C368}.Release|x86.Build.0 = Release|Any CPU
		{DC26072B-7CF0-4AFC-B161-2C99DF5A0343}.Debug|Any CPU.ActiveCfg = Debug|Any CPU
		{DC26072B-7CF0-4AFC-B161-2C99DF5A0343}.Debug|Any CPU.Build.0 = Debug|Any CPU
		{DC26072B-7CF0-4AFC-B161-2C99DF5A0343}.Debug|ARM.ActiveCfg = Debug|Any CPU
		{DC26072B-7CF0-4AFC-B161-2C99DF5A0343}.Debug|ARM.Build.0 = Debug|Any CPU
		{DC26072B-7CF0-4AFC-B161-2C99DF5A0343}.Debug|x64.ActiveCfg = Debug|Any CPU
		{DC26072B-7CF0-4AFC-B161-2C99DF5A0343}.Debug|x64.Build.0 = Debug|Any CPU
		{DC26072B-7CF0-4AFC-B161-2C99DF5A0343}.Debug|x86.ActiveCfg = Debug|Any CPU
		{DC26072B-7CF0-4AFC-B161-2C99DF5A0343}.Debug|x86.Build.0 = Debug|Any CPU
		{DC26072B-7CF0-4AFC-B161-2C99DF5A0343}.Release|Any CPU.ActiveCfg = Release|Any CPU
		{DC26072B-7CF0-4AFC-B161-2C99DF5A0343}.Release|Any CPU.Build.0 = Release|Any CPU
		{DC26072B-7CF0-4AFC-B161-2C99DF5A0343}.Release|ARM.ActiveCfg = Release|Any CPU
		{DC26072B-7CF0-4AFC-B161-2C99DF5A0343}.Release|ARM.Build.0 = Release|Any CPU
		{DC26072B-7CF0-4AFC-B161-2C99DF5A0343}.Release|x64.ActiveCfg = Release|Any CPU
		{DC26072B-7CF0-4AFC-B161-2C99DF5A0343}.Release|x64.Build.0 = Release|Any CPU
		{DC26072B-7CF0-4AFC-B161-2C99DF5A0343}.Release|x86.ActiveCfg = Release|Any CPU
		{DC26072B-7CF0-4AFC-B161-2C99DF5A0343}.Release|x86.Build.0 = Release|Any CPU
		{ACFA6B10-6AF2-4A97-AEA4-EB1D109D51D5}.Debug|Any CPU.ActiveCfg = Debug|Any CPU
		{ACFA6B10-6AF2-4A97-AEA4-EB1D109D51D5}.Debug|Any CPU.Build.0 = Debug|Any CPU
		{ACFA6B10-6AF2-4A97-AEA4-EB1D109D51D5}.Debug|ARM.ActiveCfg = Debug|Any CPU
		{ACFA6B10-6AF2-4A97-AEA4-EB1D109D51D5}.Debug|ARM.Build.0 = Debug|Any CPU
		{ACFA6B10-6AF2-4A97-AEA4-EB1D109D51D5}.Debug|x64.ActiveCfg = Debug|Any CPU
		{ACFA6B10-6AF2-4A97-AEA4-EB1D109D51D5}.Debug|x64.Build.0 = Debug|Any CPU
		{ACFA6B10-6AF2-4A97-AEA4-EB1D109D51D5}.Debug|x86.ActiveCfg = Debug|Any CPU
		{ACFA6B10-6AF2-4A97-AEA4-EB1D109D51D5}.Debug|x86.Build.0 = Debug|Any CPU
		{ACFA6B10-6AF2-4A97-AEA4-EB1D109D51D5}.Release|Any CPU.ActiveCfg = Release|Any CPU
		{ACFA6B10-6AF2-4A97-AEA4-EB1D109D51D5}.Release|Any CPU.Build.0 = Release|Any CPU
		{ACFA6B10-6AF2-4A97-AEA4-EB1D109D51D5}.Release|ARM.ActiveCfg = Release|Any CPU
		{ACFA6B10-6AF2-4A97-AEA4-EB1D109D51D5}.Release|ARM.Build.0 = Release|Any CPU
		{ACFA6B10-6AF2-4A97-AEA4-EB1D109D51D5}.Release|x64.ActiveCfg = Release|Any CPU
		{ACFA6B10-6AF2-4A97-AEA4-EB1D109D51D5}.Release|x64.Build.0 = Release|Any CPU
		{ACFA6B10-6AF2-4A97-AEA4-EB1D109D51D5}.Release|x86.ActiveCfg = Release|Any CPU
		{ACFA6B10-6AF2-4A97-AEA4-EB1D109D51D5}.Release|x86.Build.0 = Release|Any CPU
	EndGlobalSection
	GlobalSection(SolutionProperties) = preSolution
		HideSolutionNode = FALSE
	EndGlobalSection
EndGlobal
